
Microsoft Visual Studio Solution File, Format Version 12.00
# Visual Studio Version 17
VisualStudioVersion = 17.12.35410.144
MinimumVisualStudioVersion = 10.0.40219.1
Project("{FAE04EC0-301F-11D3-BF4B-00C04F79EFBC}") = "ChatServer2", "ChatServer2\ChatServer2.csproj", "{1169A9E3-2B76-41B8-AC35-8604E68B4882}"
EndProject
Project("{FAE04EC0-301F-11D3-BF4B-00C04F79EFBC}") = "ChatClient2", "ChatClient2\ChatClient2.csproj", "{9FFBDDF0-C0AC-4F9D-B779-82BB551A7F02}"
EndProject
Global
	GlobalSection(SolutionConfigurationPlatforms) = preSolution
		Debug|Any CPU = Debug|Any CPU
		Release|Any CPU = Release|Any CPU
	EndGlobalSection
	GlobalSection(ProjectConfigurationPlatforms) = postSolution
		{1169A9E3-2B76-41B8-AC35-8604E68B4882}.Debug|Any CPU.ActiveCfg = Debug|Any CPU
		{1169A9E3-2B76-41B8-AC35-8604E68B4882}.Debug|Any CPU.Build.0 = Debug|Any CPU
		{1169A9E3-2B76-41B8-AC35-8604E68B4882}.Release|Any CPU.ActiveCfg = Release|Any CPU
		{1169A9E3-2B76-41B8-AC35-8604E68B4882}.Release|Any CPU.Build.0 = Release|Any CPU
		{9FFBDDF0-C0AC-4F9D-B779-82BB551A7F02}.Debug|Any CPU.ActiveCfg = Debug|Any CPU
		{9FFBDDF0-C0AC-4F9D-B779-82BB551A7F02}.Debug|Any CPU.Build.0 = Debug|Any CPU
		{9FFBDDF0-C0AC-4F9D-B779-82BB551A7F02}.Release|Any CPU.ActiveCfg = Release|Any CPU
		{9FFBDDF0-C0AC-4F9D-B779-82BB551A7F02}.Release|Any CPU.Build.0 = Release|Any CPU
	EndGlobalSection
	GlobalSection(SolutionProperties) = preSolution
		HideSolutionNode = FALSE
	EndGlobalSection
EndGlobal
